// !$*UTF8*$!
{
	archiveVersion = 1;
	classes = {
	};
	objectVersion = 50;
	objects = {

/* Begin PBXBuildFile section */
		9B2CE011240508B700FDCE8B /* AppDelegate.swift in Sources */ = {isa = PBXBuildFile; fileRef = 9B2CE010240508B700FDCE8B /* AppDelegate.swift */; };
		9B2CE013240508B700FDCE8B /* SceneDelegate.swift in Sources */ = {isa = PBXBuildFile; fileRef = 9B2CE012240508B700FDCE8B /* SceneDelegate.swift */; };
		9B2CE015240508B700FDCE8B /* ContentView.swift in Sources */ = {isa = PBXBuildFile; fileRef = 9B2CE014240508B700FDCE8B /* ContentView.swift */; };
		9B2CE017240508BE00FDCE8B /* Assets.xcassets in Resources */ = {isa = PBXBuildFile; fileRef = 9B2CE016240508BE00FDCE8B /* Assets.xcassets */; };
		9B2CE01A240508BE00FDCE8B /* Preview Assets.xcassets in Resources */ = {isa = PBXBuildFile; fileRef = 9B2CE019240508BE00FDCE8B /* Preview Assets.xcassets */; };
		9B2CE01D240508BE00FDCE8B /* LaunchScreen.storyboard in Resources */ = {isa = PBXBuildFile; fileRef = 9B2CE01B240508BE00FDCE8B /* LaunchScreen.storyboard */; };
		9B2CE028240508BE00FDCE8B /* hellowordTests.swift in Sources */ = {isa = PBXBuildFile; fileRef = 9B2CE027240508BE00FDCE8B /* hellowordTests.swift */; };
		9B2CE033240508BE00FDCE8B /* hellowordUITests.swift in Sources */ = {isa = PBXBuildFile; fileRef = 9B2CE032240508BE00FDCE8B /* hellowordUITests.swift */; };
/* End PBXBuildFile section */

/* Begin PBXContainerItemProxy section */
		9B2CE024240508BE00FDCE8B /* PBXContainerItemProxy */ = {
			isa = PBXContainerItemProxy;
			containerPortal = 9B2CE005240508B600FDCE8B /* Project object */;
			proxyType = 1;
			remoteGlobalIDString = 9B2CE00C240508B600FDCE8B;
			remoteInfo = helloword;
		};
		9B2CE02F240508BE00FDCE8B /* PBXContainerItemProxy */ = {
			isa = PBXContainerItemProxy;
			containerPortal = 9B2CE005240508B600FDCE8B /* Project object */;
			proxyType = 1;
			remoteGlobalIDString = 9B2CE00C240508B600FDCE8B;
			remoteInfo = helloword;
		};
/* End PBXContainerItemProxy section */

/* Begin PBXFileReference section */
		9B2CE00D240508B600FDCE8B /* helloword.app */ = {isa = PBXFileReference; explicitFileType = wrapper.application; includeInIndex = 0; path = helloword.app; sourceTree = BUILT_PRODUCTS_DIR; };
		9B2CE010240508B700FDCE8B /* AppDelegate.swift */ = {isa = PBXFileReference; lastKnownFileType = sourcecode.swift; path = AppDelegate.swift; sourceTree = "<group>"; };
		9B2CE012240508B700FDCE8B /* SceneDelegate.swift */ = {isa = PBXFileReference; lastKnownFileType = sourcecode.swift; path = SceneDelegate.swift; sourceTree = "<group>"; };
		9B2CE014240508B700FDCE8B /* ContentView.swift */ = {isa = PBXFileReference; lastKnownFileType = sourcecode.swift; path = ContentView.swift; sourceTree = "<group>"; };
		9B2CE016240508BE00FDCE8B /* Assets.xcassets */ = {isa = PBXFileReference; lastKnownFileType = folder.assetcatalog; path = Assets.xcassets; sourceTree = "<group>"; };
		9B2CE019240508BE00FDCE8B /* Preview Assets.xcassets */ = {isa = PBXFileReference; lastKnownFileType = folder.assetcatalog; path = "Preview Assets.xcassets"; sourceTree = "<group>"; };
		9B2CE01C240508BE00FDCE8B /* Base */ = {isa = PBXFileReference; lastKnownFileType = file.storyboard; name = Base; path = Base.lproj/LaunchScreen.storyboard; sourceTree = "<group>"; };
		9B2CE01E240508BE00FDCE8B /* Info.plist */ = {isa = PBXFileReference; lastKnownFileType = text.plist.xml; path = Info.plist; sourceTree = "<group>"; };
		9B2CE023240508BE00FDCE8B /* hellowordTests.xctest */ = {isa = PBXFileReference; explicitFileType = wrapper.cfbundle; includeInIndex = 0; path = hellowordTests.xctest; sourceTree = BUILT_PRODUCTS_DIR; };
		9B2CE027240508BE00FDCE8B /* hellowordTests.swift */ = {isa = PBXFileReference; lastKnownFileType = sourcecode.swift; path = hellowordTests.swift; sourceTree = "<group>"; };
		9B2CE029240508BE00FDCE8B /* Info.plist */ = {isa = PBXFileReference; lastKnownFileType = text.plist.xml; path = Info.plist; sourceTree = "<group>"; };
		9B2CE02E240508BE00FDCE8B /* hellowordUITests.xctest */ = {isa = PBXFileReference; explicitFileType = wrapper.cfbundle; includeInIndex = 0; path = hellowordUITests.xctest; sourceTree = BUILT_PRODUCTS_DIR; };
		9B2CE032240508BE00FDCE8B /* hellowordUITests.swift */ = {isa = PBXFileReference; lastKnownFileType = sourcecode.swift; path = hellowordUITests.swift; sourceTree = "<group>"; };
		9B2CE034240508BE00FDCE8B /* Info.plist */ = {isa = PBXFileReference; lastKnownFileType = text.plist.xml; path = Info.plist; sourceTree = "<group>"; };
/* End PBXFileReference section */

/* Begin PBXFrameworksBuildPhase section */
		9B2CE00A240508B600FDCE8B /* Frameworks */ = {
			isa = PBXFrameworksBuildPhase;
			buildActionMask = 2147483647;
			files = (
			);
			runOnlyForDeploymentPostprocessing = 0;
		};
		9B2CE020240508BE00FDCE8B /* Frameworks */ = {
			isa = PBXFrameworksBuildPhase;
			buildActionMask = 2147483647;
			files = (
			);
			runOnlyForDeploymentPostprocessing = 0;
		};
		9B2CE02B240508BE00FDCE8B /* Frameworks */ = {
			isa = PBXFrameworksBuildPhase;
			buildActionMask = 2147483647;
			files = (
			);
			runOnlyForDeploymentPostprocessing = 0;
		};
/* End PBXFrameworksBuildPhase section */

/* Begin PBXGroup section */
		9B2CE004240508B600FDCE8B = {
			isa = PBXGroup;
			children = (
				9B2CE00F240508B600FDCE8B /* helloword */,
				9B2CE026240508BE00FDCE8B /* hellowordTests */,
				9B2CE031240508BE00FDCE8B /* hellowordUITests */,
				9B2CE00E240508B600FDCE8B /* Products */,
			);
			sourceTree = "<group>";
		};
		9B2CE00E240508B600FDCE8B /* Products */ = {
			isa = PBXGroup;
			children = (
				9B2CE00D240508B600FDCE8B /* helloword.app */,
				9B2CE023240508BE00FDCE8B /* hellowordTests.xctest */,
				9B2CE02E240508BE00FDCE8B /* hellowordUITests.xctest */,
			);
			name = Products;
			sourceTree = "<group>";
		};
		9B2CE00F240508B600FDCE8B /* helloword */ = {
			isa = PBXGroup;
			children = (
				9B2CE010240508B700FDCE8B /* AppDelegate.swift */,
				9B2CE012240508B700FDCE8B /* SceneDelegate.swift */,
				9B2CE014240508B700FDCE8B /* ContentView.swift */,
				9B2CE016240508BE00FDCE8B /* Assets.xcassets */,
				9B2CE01B240508BE00FDCE8B /* LaunchScreen.storyboard */,
				9B2CE01E240508BE00FDCE8B /* Info.plist */,
				9B2CE018240508BE00FDCE8B /* Preview Content */,
			);
			path = helloword;
			sourceTree = "<group>";
		};
		9B2CE018240508BE00FDCE8B /* Preview Content */ = {
			isa = PBXGroup;
			children = (
				9B2CE019240508BE00FDCE8B /* Preview Assets.xcassets */,
			);
			path = "Preview Content";
			sourceTree = "<group>";
		};
		9B2CE026240508BE00FDCE8B /* hellowordTests */ = {
			isa = PBXGroup;
			children = (
				9B2CE027240508BE00FDCE8B /* hellowordTests.swift */,
				9B2CE029240508BE00FDCE8B /* Info.plist */,
			);
			path = hellowordTests;
			sourceTree = "<group>";
		};
		9B2CE031240508BE00FDCE8B /* hellowordUITests */ = {
			isa = PBXGroup;
			children = (
				9B2CE032240508BE00FDCE8B /* hellowordUITests.swift */,
				9B2CE034240508BE00FDCE8B /* Info.plist */,
			);
			path = hellowordUITests;
			sourceTree = "<group>";
		};
/* End PBXGroup section */

/* Begin PBXNativeTarget section */
		9B2CE00C240508B600FDCE8B /* helloword */ = {
			isa = PBXNativeTarget;
			buildConfigurationList = 9B2CE037240508BE00FDCE8B /* Build configuration list for PBXNativeTarget "helloword" */;
			buildPhases = (
				9B2CE009240508B600FDCE8B /* Sources */,
				9B2CE00A240508B600FDCE8B /* Frameworks */,
				9B2CE00B240508B600FDCE8B /* Resources */,
			);
			buildRules = (
			);
			dependencies = (
			);
			name = helloword;
			productName = helloword;
			productReference = 9B2CE00D240508B600FDCE8B /* helloword.app */;
			productType = "com.apple.product-type.application";
		};
		9B2CE022240508BE00FDCE8B /* hellowordTests */ = {
			isa = PBXNativeTarget;
			buildConfigurationList = 9B2CE03A240508BE00FDCE8B /* Build configuration list for PBXNativeTarget "hellowordTests" */;
			buildPhases = (
				9B2CE01F240508BE00FDCE8B /* Sources */,
				9B2CE020240508BE00FDCE8B /* Frameworks */,
				9B2CE021240508BE00FDCE8B /* Resources */,
			);
			buildRules = (
			);
			dependencies = (
				9B2CE025240508BE00FDCE8B /* PBXTargetDependency */,
			);
			name = hellowordTests;
			productName = hellowordTests;
			productReference = 9B2CE023240508BE00FDCE8B /* hellowordTests.xctest */;
			productType = "com.apple.product-type.bundle.unit-test";
		};
		9B2CE02D240508BE00FDCE8B /* hellowordUITests */ = {
			isa = PBXNativeTarget;
			buildConfigurationList = 9B2CE03D240508BE00FDCE8B /* Build configuration list for PBXNativeTarget "hellowordUITests" */;
			buildPhases = (
				9B2CE02A240508BE00FDCE8B /* Sources */,
				9B2CE02B240508BE00FDCE8B /* Frameworks */,
				9B2CE02C240508BE00FDCE8B /* Resources */,
			);
			buildRules = (
			);
			dependencies = (
				9B2CE030240508BE00FDCE8B /* PBXTargetDependency */,
			);
			name = hellowordUITests;
			productName = hellowordUITests;
			productReference = 9B2CE02E240508BE00FDCE8B /* hellowordUITests.xctest */;
			productType = "com.apple.product-type.bundle.ui-testing";
		};
/* End PBXNativeTarget section */

/* Begin PBXProject section */
		9B2CE005240508B600FDCE8B /* Project object */ = {
			isa = PBXProject;
			attributes = {
				LastSwiftUpdateCheck = 1130;
				LastUpgradeCheck = 1130;
				ORGANIZATIONNAME = Si;
				TargetAttributes = {
					9B2CE00C240508B600FDCE8B = {
						CreatedOnToolsVersion = 11.3;
					};
					9B2CE022240508BE00FDCE8B = {
						CreatedOnToolsVersion = 11.3;
						TestTargetID = 9B2CE00C240508B600FDCE8B;
					};
					9B2CE02D240508BE00FDCE8B = {
						CreatedOnToolsVersion = 11.3;
						TestTargetID = 9B2CE00C240508B600FDCE8B;
					};
				};
			};
			buildConfigurationList = 9B2CE008240508B600FDCE8B /* Build configuration list for PBXProject "helloword" */;
			compatibilityVersion = "Xcode 9.3";
			developmentRegion = en;
			hasScannedForEncodings = 0;
			knownRegions = (
				en,
				Base,
			);
			mainGroup = 9B2CE004240508B600FDCE8B;
			productRefGroup = 9B2CE00E240508B600FDCE8B /* Products */;
			projectDirPath = "";
			projectRoot = "";
			targets = (
				9B2CE00C240508B600FDCE8B /* helloword */,
				9B2CE022240508BE00FDCE8B /* hellowordTests */,
				9B2CE02D240508BE00FDCE8B /* hellowordUITests */,
			);
		};
/* End PBXProject section */

/* Begin PBXResourcesBuildPhase section */
		9B2CE00B240508B600FDCE8B /* Resources */ = {
			isa = PBXResourcesBuildPhase;
			buildActionMask = 2147483647;
			files = (
				9B2CE01D240508BE00FDCE8B /* LaunchScreen.storyboard in Resources */,
				9B2CE01A240508BE00FDCE8B /* Preview Assets.xcassets in Resources */,
				9B2CE017240508BE00FDCE8B /* Assets.xcassets in Resources */,
			);
			runOnlyForDeploymentPostprocessing = 0;
		};
		9B2CE021240508BE00FDCE8B /* Resources */ = {
			isa = PBXResourcesBuildPhase;
			buildActionMask = 2147483647;
			files = (
			);
			runOnlyForDeploymentPostprocessing = 0;
		};
		9B2CE02C240508BE00FDCE8B /* Resources */ = {
			isa = PBXResourcesBuildPhase;
			buildActionMask = 2147483647;
			files = (
			);
			runOnlyForDeploymentPostprocessing = 0;
		};
/* End PBXResourcesBuildPhase section */

/* Begin PBXSourcesBuildPhase section */
		9B2CE009240508B600FDCE8B /* Sources */ = {
			isa = PBXSourcesBuildPhase;
			buildActionMask = 2147483647;
			files = (
				9B2CE011240508B700FDCE8B /* AppDelegate.swift in Sources */,
				9B2CE013240508B700FDCE8B /* SceneDelegate.swift in Sources */,
				9B2CE015240508B700FDCE8B /* ContentView.swift in Sources */,
			);
			runOnlyForDeploymentPostprocessing = 0;
		};
		9B2CE01F240508BE00FDCE8B /* Sources */ = {
			isa = PBXSourcesBuildPhase;
			buildActionMask = 2147483647;
			files = (
				9B2CE028240508BE00FDCE8B /* hellowordTests.swift in Sources */,
			);
			runOnlyForDeploymentPostprocessing = 0;
		};
		9B2CE02A240508BE00FDCE8B /* Sources */ = {
			isa = PBXSourcesBuildPhase;
			buildActionMask = 2147483647;
			files = (
				9B2CE033240508BE00FDCE8B /* hellowordUITests.swift in Sources */,
			);
			runOnlyForDeploymentPostprocessing = 0;
		};
/* End PBXSourcesBuildPhase section */

/* Begin PBXTargetDependency section */
		9B2CE025240508BE00FDCE8B /* PBXTargetDependency */ = {
			isa = PBXTargetDependency;
			target = 9B2CE00C240508B600FDCE8B /* helloword */;
			targetProxy = 9B2CE024240508BE00FDCE8B /* PBXContainerItemProxy */;
		};
		9B2CE030240508BE00FDCE8B /* PBXTargetDependency */ = {
			isa = PBXTargetDependency;
			target = 9B2CE00C240508B600FDCE8B /* helloword */;
			targetProxy = 9B2CE02F240508BE00FDCE8B /* PBXContainerItemProxy */;
		};
/* End PBXTargetDependency section */

/* Begin PBXVariantGroup section */
		9B2CE01B240508BE00FDCE8B /* LaunchScreen.storyboard */ = {
			isa = PBXVariantGroup;
			children = (
				9B2CE01C240508BE00FDCE8B /* Base */,
			);
			name = LaunchScreen.storyboard;
			sourceTree = "<group>";
		};
/* End PBXVariantGroup section */

/* Begin XCBuildConfiguration section */
		9B2CE035240508BE00FDCE8B /* Debug */ = {
			isa = XCBuildConfiguration;
			buildSettings = {
				ALWAYS_SEARCH_USER_PATHS = NO;
				CLANG_ANALYZER_NONNULL = YES;
				CLANG_ANALYZER_NUMBER_OBJECT_CONVERSION = YES_AGGRESSIVE;
				CLANG_CXX_LANGUAGE_STANDARD = "gnu++14";
				CLANG_CXX_LIBRARY = "libc++";
				CLANG_ENABLE_MODULES = YES;
				CLANG_ENABLE_OBJC_ARC = YES;
				CLANG_ENABLE_OBJC_WEAK = YES;
				CLANG_WARN_BLOCK_CAPTURE_AUTORELEASING = YES;
				CLANG_WARN_BOOL_CONVERSION = YES;
				CLANG_WARN_COMMA = YES;
				CLANG_WARN_CONSTANT_CONVERSION = YES;
				CLANG_WARN_DEPRECATED_OBJC_IMPLEMENTATIONS = YES;
				CLANG_WARN_DIRECT_OBJC_ISA_USAGE = YES_ERROR;
				CLANG_WARN_DOCUMENTATION_COMMENTS = YES;
				CLANG_WARN_EMPTY_BODY = YES;
				CLANG_WARN_ENUM_CONVERSION = YES;
				CLANG_WARN_INFINITE_RECURSION = YES;
				CLANG_WARN_INT_CONVERSION = YES;
				CLANG_WARN_NON_LITERAL_NULL_CONVERSION = YES;
				CLANG_WARN_OBJC_IMPLICIT_RETAIN_SELF = YES;
				CLANG_WARN_OBJC_LITERAL_CONVERSION = YES;
				CLANG_WARN_OBJC_ROOT_CLASS = YES_ERROR;
				CLANG_WARN_RANGE_LOOP_ANALYSIS = YES;
				CLANG_WARN_STRICT_PROTOTYPES = YES;
				CLANG_WARN_SUSPICIOUS_MOVE = YES;
				CLANG_WARN_UNGUARDED_AVAILABILITY = YES_AGGRESSIVE;
				CLANG_WARN_UNREACHABLE_CODE = YES;
				CLANG_WARN__DUPLICATE_METHOD_MATCH = YES;
				COPY_PHASE_STRIP = NO;
				DEBUG_INFORMATION_FORMAT = dwarf;
				ENABLE_STRICT_OBJC_MSGSEND = YES;
				ENABLE_TESTABILITY = YES;
				GCC_C_LANGUAGE_STANDARD = gnu11;
				GCC_DYNAMIC_NO_PIC = NO;
				GCC_NO_COMMON_BLOCKS = YES;
				GCC_OPTIMIZATION_LEVEL = 0;
				GCC_PREPROCESSOR_DEFINITIONS = (
					"DEBUG=1",
					"$(inherited)",
				);
				GCC_WARN_64_TO_32_BIT_CONVERSION = YES;
				GCC_WARN_ABOUT_RETURN_TYPE = YES_ERROR;
				GCC_WARN_UNDECLARED_SELECTOR = YES;
				GCC_WARN_UNINITIALIZED_AUTOS = YES_AGGRESSIVE;
				GCC_WARN_UNUSED_FUNCTION = YES;
				GCC_WARN_UNUSED_VARIABLE = YES;
				IPHONEOS_DEPLOYMENT_TARGET = 13.2;
				MTL_ENABLE_DEBUG_INFO = INCLUDE_SOURCE;
				MTL_FAST_MATH = YES;
				ONLY_ACTIVE_ARCH = YES;
				SDKROOT = iphoneos;
				SWIFT_ACTIVE_COMPILATION_CONDITIONS = DEBUG;
				SWIFT_OPTIMIZATION_LEVEL = "-Onone";
			};
			name = Debug;
		};
		9B2CE036240508BE00FDCE8B /* Release */ = {
			isa = XCBuildConfiguration;
			buildSettings = {
				ALWAYS_SEARCH_USER_PATHS = NO;
				CLANG_ANALYZER_NONNULL = YES;
				CLANG_ANALYZER_NUMBER_OBJECT_CONVERSION = YES_AGGRESSIVE;
				CLANG_CXX_LANGUAGE_STANDARD = "gnu++14";
				CLANG_CXX_LIBRARY = "libc++";
				CLANG_ENABLE_MODULES = YES;
				CLANG_ENABLE_OBJC_ARC = YES;
				CLANG_ENABLE_OBJC_WEAK = YES;
				CLANG_WARN_BLOCK_CAPTURE_AUTORELEASING = YES;
				CLANG_WARN_BOOL_CONVERSION = YES;
				CLANG_WARN_COMMA = YES;
				CLANG_WARN_CONSTANT_CONVERSION = YES;
				CLANG_WARN_DEPRECATED_OBJC_IMPLEMENTATIONS = YES;
				CLANG_WARN_DIRECT_OBJC_ISA_USAGE = YES_ERROR;
				CLANG_WARN_DOCUMENTATION_COMMENTS = YES;
				CLANG_WARN_EMPTY_BODY = YES;
				CLANG_WARN_ENUM_CONVERSION = YES;
				CLANG_WARN_INFINITE_RECURSION = YES;
				CLANG_WARN_INT_CONVERSION = YES;
				CLANG_WARN_NON_LITERAL_NULL_CONVERSION = YES;
				CLANG_WARN_OBJC_IMPLICIT_RETAIN_SELF = YES;
				CLANG_WARN_OBJC_LITERAL_CONVERSION = YES;
				CLANG_WARN_OBJC_ROOT_CLASS = YES_ERROR;
				CLANG_WARN_RANGE_LOOP_ANALYSIS = YES;
				CLANG_WARN_STRICT_PROTOTYPES = YES;
				CLANG_WARN_SUSPICIOUS_MOVE = YES;
				CLANG_WARN_UNGUARDED_AVAILABILITY = YES_AGGRESSIVE;
				CLANG_WARN_UNREACHABLE_CODE = YES;
				CLANG_WARN__DUPLICATE_METHOD_MATCH = YES;
				COPY_PHASE_STRIP = NO;
				DEBUG_INFORMATION_FORMAT = "dwarf-with-dsym";
				ENABLE_NS_ASSERTIONS = NO;
				ENABLE_STRICT_OBJC_MSGSEND = YES;
				GCC_C_LANGUAGE_STANDARD = gnu11;
				GCC_NO_COMMON_BLOCKS = YES;
				GCC_WARN_64_TO_32_BIT_CONVERSION = YES;
				GCC_WARN_ABOUT_RETURN_TYPE = YES_ERROR;
				GCC_WARN_UNDECLARED_SELECTOR = YES;
				GCC_WARN_UNINITIALIZED_AUTOS = YES_AGGRESSIVE;
				GCC_WARN_UNUSED_FUNCTION = YES;
				GCC_WARN_UNUSED_VARIABLE = YES;
				IPHONEOS_DEPLOYMENT_TARGET = 13.2;
				MTL_ENABLE_DEBUG_INFO = NO;
				MTL_FAST_MATH = YES;
				SDKROOT = iphoneos;
				SWIFT_COMPILATION_MODE = wholemodule;
				SWIFT_OPTIMIZATION_LEVEL = "-O";
				VALIDATE_PRODUCT = YES;
			};
			name = Release;
		};
		9B2CE038240508BE00FDCE8B /* Debug */ = {
			isa = XCBuildConfiguration;
			buildSettings = {
				ASSETCATALOG_COMPILER_APPICON_NAME = AppIcon;
				CODE_SIGN_STYLE = Automatic;
				DEVELOPMENT_ASSET_PATHS = "\"helloword/Preview Content\"";
				ENABLE_PREVIEWS = YES;
				INFOPLIST_FILE = helloword/Info.plist;
				LD_RUNPATH_SEARCH_PATHS = (
					"$(inherited)",
					"@executable_path/Frameworks",
				);
				PRODUCT_BUNDLE_IDENTIFIER = com.CICD.helloword;
				PRODUCT_NAME = "$(TARGET_NAME)";
				SWIFT_VERSION = 5.0;
				TARGETED_DEVICE_FAMILY = "1,2";
			};
			name = Debug;
		};
		9B2CE039240508BE00FDCE8B /* Release */ = {
			isa = XCBuildConfiguration;
			buildSettings = {
				ASSETCATALOG_COMPILER_APPICON_NAME = AppIcon;
				CODE_SIGN_STYLE = Automatic;
				DEVELOPMENT_ASSET_PATHS = "\"helloword/Preview Content\"";
				ENABLE_PREVIEWS = YES;
				INFOPLIST_FILE = helloword/Info.plist;
				LD_RUNPATH_SEARCH_PATHS = (
					"$(inherited)",
					"@executable_path/Frameworks",
				);
				PRODUCT_BUNDLE_IDENTIFIER = com.CICD.helloword;
				PRODUCT_NAME = "$(TARGET_NAME)";
				SWIFT_VERSION = 5.0;
				TARGETED_DEVICE_FAMILY = "1,2";
			};
			name = Release;
		};
		9B2CE03B240508BE00FDCE8B /* Debug */ = {
			isa = XCBuildConfiguration;
			buildSettings = {
				ALWAYS_EMBED_SWIFT_STANDARD_LIBRARIES = YES;
				BUNDLE_LOADER = "$(TEST_HOST)";
				CODE_SIGN_STYLE = Automatic;
				INFOPLIST_FILE = hellowordTests/Info.plist;
				IPHONEOS_DEPLOYMENT_TARGET = 13.2;
				LD_RUNPATH_SEARCH_PATHS = (
					"$(inherited)",
					"@executable_path/Frameworks",
					"@loader_path/Frameworks",
				);
				PRODUCT_BUNDLE_IDENTIFIER = com.CICD.hellowordTests;
				PRODUCT_NAME = "$(TARGET_NAME)";
				SWIFT_VERSION = 5.0;
				TARGETED_DEVICE_FAMILY = "1,2";
				TEST_HOST = "$(BUILT_PRODUCTS_DIR)/helloword.app/helloword";
			};
			name = Debug;
		};
		9B2CE03C240508BE00FDCE8B /* Release */ = {
			isa = XCBuildConfiguration;
			buildSettings = {
				ALWAYS_EMBED_SWIFT_STANDARD_LIBRARIES = YES;
				BUNDLE_LOADER = "$(TEST_HOST)";
				CODE_SIGN_STYLE = Automatic;
				INFOPLIST_FILE = hellowordTests/Info.plist;
				IPHONEOS_DEPLOYMENT_TARGET = 13.2;
				LD_RUNPATH_SEARCH_PATHS = (
					"$(inherited)",
					"@executable_path/Frameworks",
					"@loader_path/Frameworks",
				);
				PRODUCT_BUNDLE_IDENTIFIER = com.CICD.hellowordTests;
				PRODUCT_NAME = "$(TARGET_NAME)";
				SWIFT_VERSION = 5.0;
				TARGETED_DEVICE_FAMILY = "1,2";
				TEST_HOST = "$(BUILT_PRODUCTS_DIR)/helloword.app/helloword";
			};
			name = Release;
		};
		9B2CE03E240508BE00FDCE8B /* Debug */ = {
			isa = XCBuildConfiguration;
			buildSettings = {
				ALWAYS_EMBED_SWIFT_STANDARD_LIBRARIES = YES;
				CODE_SIGN_STYLE = Automatic;
				INFOPLIST_FILE = hellowordUITests/Info.plist;
				LD_RUNPATH_SEARCH_PATHS = (
					"$(inherited)",
					"@executable_path/Frameworks",
					"@loader_path/Frameworks",
				);
				PRODUCT_BUNDLE_IDENTIFIER = com.CICD.hellowordUITests;
				PRODUCT_NAME = "$(TARGET_NAME)";
				SWIFT_VERSION = 5.0;
				TARGETED_DEVICE_FAMILY = "1,2";
				TEST_TARGET_NAME = helloword;
			};
			name = Debug;
		};
		9B2CE03F240508BE00FDCE8B /* Release */ = {
			isa = XCBuildConfiguration;
			buildSettings = {
				ALWAYS_EMBED_SWIFT_STANDARD_LIBRARIES = YES;
				CODE_SIGN_STYLE = Automatic;
				INFOPLIST_FILE = hellowordUITests/Info.plist;
				LD_RUNPATH_SEARCH_PATHS = (
					"$(inherited)",
					"@executable_path/Frameworks",
					"@loader_path/Frameworks",
				);
				PRODUCT_BUNDLE_IDENTIFIER = com.CICD.hellowordUITests;
				PRODUCT_NAME = "$(TARGET_NAME)";
				SWIFT_VERSION = 5.0;
				TARGETED_DEVICE_FAMILY = "1,2";
				TEST_TARGET_NAME = helloword;
			};
			name = Release;
		};
/* End XCBuildConfiguration section */

/* Begin XCConfigurationList section */
		9B2CE008240508B600FDCE8B /* Build configuration list for PBXProject "helloword" */ = {
			isa = XCConfigurationList;
			buildConfigurations = (
				9B2CE035240508BE00FDCE8B /* Debug */,
				9B2CE036240508BE00FDCE8B /* Release */,
			);
			defaultConfigurationIsVisible = 0;
			defaultConfigurationName = Release;
		};
		9B2CE037240508BE00FDCE8B /* Build configuration list for PBXNativeTarget "helloword" */ = {
			isa = XCConfigurationList;
			buildConfigurations = (
				9B2CE038240508BE00FDCE8B /* Debug */,
				9B2CE039240508BE00FDCE8B /* Release */,
			);
			defaultConfigurationIsVisible = 0;
			defaultConfigurationName = Release;
		};
		9B2CE03A240508BE00FDCE8B /* Build configuration list for PBXNativeTarget "hellowordTests" */ = {
			isa = XCConfigurationList;
			buildConfigurations = (
				9B2CE03B240508BE00FDCE8B /* Debug */,
				9B2CE03C240508BE00FDCE8B /* Release */,
			);
			defaultConfigurationIsVisible = 0;
			defaultConfigurationName = Release;
		};
		9B2CE03D240508BE00FDCE8B /* Build configuration list for PBXNativeTarget "hellowordUITests" */ = {
			isa = XCConfigurationList;
			buildConfigurations = (
				9B2CE03E240508BE00FDCE8B /* Debug */,
				9B2CE03F240508BE00FDCE8B /* Release */,
			);
			defaultConfigurationIsVisible = 0;
			defaultConfigurationName = Release;
		};
/* End XCConfigurationList section */
	};
	rootObject = 9B2CE005240508B600FDCE8B /* Project object */;
}
